<Solution>
  <Folder Name="/DistributedCachingRedis/" />
  <Folder Name="/DistributedCachingRedis/src/">
    <Project Path="DistributedCachingRedis/src/DistributedCachingRedisAPI/DistributedCachingRedisAPI.csproj" />
    <Project Path="DistributedCachingRedis/src/DistributedCachingRedisApplication/DistributedCachingRedisApplication.csproj" />
    <Project Path="DistributedCachingRedis/src/DistributedCachingRedisDomain/DistributedCachingRedisDomain.csproj" />
    <Project Path="DistributedCachingRedis/src/DistributedCachingRedisInfrastructure/DistributedCachingRedisInfrastructure.csproj" />
  </Folder>
  <Folder Name="/InMemoryCaching/" />
  <Folder Name="/InMemoryCaching/src/">
    <Project Path="InMemoryCaching/src/InMemoryCachingAPI/InMemoryCachingAPI.csproj" />
    <Project Path="InMemoryCaching/src/InMemoryCachingApplication/InMemoryCachingApplication.csproj" />
    <Project Path="InMemoryCaching/src/InMemoryCachingDomain/InMemoryCachingDomain.csproj" />
    <Project Path="InMemoryCaching/src/InMemoryCachingInfrastructure/InMemoryCachingInfrastructure.csproj" />
  </Folder>
  <Folder Name="/Solution Items/">
    <File Path="compose.yaml" />
  </Folder>
  <Folder Name="/WithoutCaching/" />
  <Folder Name="/WithoutCaching/src/">
    <Project Path="WithoutCaching/src/WithoutCachingAPI/WithoutCachingAPI.csproj" />
    <Project Path="WithoutCaching/src/WithoutCachingApplication/WithoutCachingApplication.csproj" />
    <Project Path="WithoutCaching/src/WithoutCachingDomain/WithoutCachingDomain.csproj" />
    <Project Path="WithoutCaching/src/WithoutCachingInfrastructure/WithoutCachingInfrastructure.csproj" />
  </Folder>
</Solution>
