<Solution>
  <Folder Name="/CA/" />
  <Folder Name="/WithoutCaching/" />
  <Folder Name="/WithoutCaching/src/">
    <Project Path="WithoutCaching/src/WithoutCachingAPI/WithoutCachingAPI.csproj" />
    <Project Path="WithoutCaching/src/WithoutCachingApplication/WithoutCachingApplication.csproj" />
    <Project Path="WithoutCaching/src/WithoutCachingDomain/WithoutCachingDomain.csproj" />
    <Project Path="WithoutCaching/src/WithoutCachingInfrastructure/WithoutCachingInfrastructure.csproj" />
  </Folder>
</Solution>
