<Solution>
  <Folder Name="/te/" />
  <Folder Name="/WithoutCaching/">
    <Project Path="WithoutCachingAPI/WithoutCachingAPI.csproj" />
    <Project Path="WithoutCachingApplication/WithoutCachingApplication.csproj" />
    <Project Path="WithoutCachingDomain/WithoutCachingDomain.csproj" />
    <Project Path="WithoutCachingInfrastructure/WithoutCachingInfrastructure.csproj" />
  </Folder>
</Solution>
